// !$*UTF8*$!
{
	archiveVersion = 1;
	classes = {
	};
	objectVersion = 46;
	objects = {

/* Begin PBXBuildFile section */
		5E5B084B1C2BA896000C7F12 /* All with Sun Placeholder.png in Resources */ = {isa = PBXBuildFile; fileRef = 5E5B083E1C2BA896000C7F12 /* All with Sun Placeholder.png */; };
		5E5B084C1C2BA896000C7F12 /* BG.png in Resources */ = {isa = PBXBuildFile; fileRef = 5E5B083F1C2BA896000C7F12 /* BG.png */; };
		5E5B084D1C2BA896000C7F12 /* Cloud.png in Resources */ = {isa = PBXBuildFile; fileRef = 5E5B08401C2BA896000C7F12 /* Cloud.png */; };
		5E5B084E1C2BA896000C7F12 /* Location.png in Resources */ = {isa = PBXBuildFile; fileRef = 5E5B08411C2BA896000C7F12 /* Location.png */; };
		5E5B084F1C2BA896000C7F12 /* PartlyCloudy.png in Resources */ = {isa = PBXBuildFile; fileRef = 5E5B08421C2BA896000C7F12 /* PartlyCloudy.png */; };
		5E5B08501C2BA896000C7F12 /* Rain Chance.png in Resources */ = {isa = PBXBuildFile; fileRef = 5E5B08431C2BA896000C7F12 /* Rain Chance.png */; };
		5E5B08511C2BA896000C7F12 /* RainCloud.png in Resources */ = {isa = PBXBuildFile; fileRef = 5E5B08441C2BA896000C7F12 /* RainCloud.png */; };
		5E5B08521C2BA896000C7F12 /* Settings.png in Resources */ = {isa = PBXBuildFile; fileRef = 5E5B08451C2BA896000C7F12 /* Settings.png */; };
		5E5B08531C2BA896000C7F12 /* Sun.png in Resources */ = {isa = PBXBuildFile; fileRef = 5E5B08461C2BA896000C7F12 /* Sun.png */; };
		5E5B08541C2BA896000C7F12 /* Sunny.png in Resources */ = {isa = PBXBuildFile; fileRef = 5E5B08471C2BA896000C7F12 /* Sunny.png */; };
		5E5B08551C2BA896000C7F12 /* Temp.png in Resources */ = {isa = PBXBuildFile; fileRef = 5E5B08481C2BA896000C7F12 /* Temp.png */; };
		5E5B08561C2BA896000C7F12 /* Weather Placeholder.png in Resources */ = {isa = PBXBuildFile; fileRef = 5E5B08491C2BA896000C7F12 /* Weather Placeholder.png */; };
		5E5B08571C2BA896000C7F12 /* Wind Speed.png in Resources */ = {isa = PBXBuildFile; fileRef = 5E5B084A1C2BA896000C7F12 /* Wind Speed.png */; };
		5E5B08631C2C8850000C7F12 /* PartlyCloudyNight.png in Resources */ = {isa = PBXBuildFile; fileRef = 5E5B08621C2C8850000C7F12 /* PartlyCloudyNight.png */; };
		5E5B08651C2C8A11000C7F12 /* SnowCloud.png in Resources */ = {isa = PBXBuildFile; fileRef = 5E5B08641C2C8A11000C7F12 /* SnowCloud.png */; };
		5E5B08691C2C8CAC000C7F12 /* Wind.png in Resources */ = {isa = PBXBuildFile; fileRef = 5E5B08681C2C8CAC000C7F12 /* Wind.png */; };
		5E5B086B1C2C8D35000C7F12 /* Sleet.png in Resources */ = {isa = PBXBuildFile; fileRef = 5E5B086A1C2C8D35000C7F12 /* Sleet.png */; };
		5E5B086D1C2C8DD8000C7F12 /* Fog.png in Resources */ = {isa = PBXBuildFile; fileRef = 5E5B086C1C2C8DD8000C7F12 /* Fog.png */; };
		5E5B086F1C2C8F24000C7F12 /* Moon.png in Resources */ = {isa = PBXBuildFile; fileRef = 5E5B086E1C2C8F24000C7F12 /* Moon.png */; };
		5E5B08711C2C938B000C7F12 /* forecastbadge.png in Resources */ = {isa = PBXBuildFile; fileRef = 5E5B08701C2C938B000C7F12 /* forecastbadge.png */; };
		5EBBE80E1C2B97AA00E67D2F /* AppDelegate.swift in Sources */ = {isa = PBXBuildFile; fileRef = 5EBBE80D1C2B97AA00E67D2F /* AppDelegate.swift */; };
		5EBBE8101C2B97AA00E67D2F /* ViewController.swift in Sources */ = {isa = PBXBuildFile; fileRef = 5EBBE80F1C2B97AA00E67D2F /* ViewController.swift */; };
		5EBBE8131C2B97AA00E67D2F /* Main.storyboard in Resources */ = {isa = PBXBuildFile; fileRef = 5EBBE8111C2B97AA00E67D2F /* Main.storyboard */; };
		5EBBE8151C2B97AA00E67D2F /* Assets.xcassets in Resources */ = {isa = PBXBuildFile; fileRef = 5EBBE8141C2B97AA00E67D2F /* Assets.xcassets */; };
		5EBBE8181C2B97AA00E67D2F /* LaunchScreen.storyboard in Resources */ = {isa = PBXBuildFile; fileRef = 5EBBE8161C2B97AA00E67D2F /* LaunchScreen.storyboard */; };
		5EBBE8231C2B97AA00E67D2F /* Weather_AppTests.swift in Sources */ = {isa = PBXBuildFile; fileRef = 5EBBE8221C2B97AA00E67D2F /* Weather_AppTests.swift */; };
		5EBBE82E1C2B97AA00E67D2F /* Weather_AppUITests.swift in Sources */ = {isa = PBXBuildFile; fileRef = 5EBBE82D1C2B97AA00E67D2F /* Weather_AppUITests.swift */; };
/* End PBXBuildFile section */

/* Begin PBXContainerItemProxy section */
		5EBBE81F1C2B97AA00E67D2F /* PBXContainerItemProxy */ = {
			isa = PBXContainerItemProxy;
			containerPortal = 5EBBE8021C2B97AA00E67D2F /* Project object */;
			proxyType = 1;
			remoteGlobalIDString = 5EBBE8091C2B97AA00E67D2F;
			remoteInfo = "Weather App";
		};
		5EBBE82A1C2B97AA00E67D2F /* PBXContainerItemProxy */ = {
			isa = PBXContainerItemProxy;
			containerPortal = 5EBBE8021C2B97AA00E67D2F /* Project object */;
			proxyType = 1;
			remoteGlobalIDString = 5EBBE8091C2B97AA00E67D2F;
			remoteInfo = "Weather App";
		};
/* End PBXContainerItemProxy section */

/* Begin PBXFileReference section */
		5E5B083E1C2BA896000C7F12 /* All with Sun Placeholder.png */ = {isa = PBXFileReference; lastKnownFileType = image.png; path = "All with Sun Placeholder.png"; sourceTree = "<group>"; };
		5E5B083F1C2BA896000C7F12 /* BG.png */ = {isa = PBXFileReference; lastKnownFileType = image.png; path = BG.png; sourceTree = "<group>"; };
		5E5B08401C2BA896000C7F12 /* Cloud.png */ = {isa = PBXFileReference; lastKnownFileType = image.png; path = Cloud.png; sourceTree = "<group>"; };
		5E5B08411C2BA896000C7F12 /* Location.png */ = {isa = PBXFileReference; lastKnownFileType = image.png; path = Location.png; sourceTree = "<group>"; };
		5E5B08421C2BA896000C7F12 /* PartlyCloudy.png */ = {isa = PBXFileReference; lastKnownFileType = image.png; path = PartlyCloudy.png; sourceTree = "<group>"; };
		5E5B08431C2BA896000C7F12 /* Rain Chance.png */ = {isa = PBXFileReference; lastKnownFileType = image.png; path = "Rain Chance.png"; sourceTree = "<group>"; };
		5E5B08441C2BA896000C7F12 /* RainCloud.png */ = {isa = PBXFileReference; lastKnownFileType = image.png; path = RainCloud.png; sourceTree = "<group>"; };
		5E5B08451C2BA896000C7F12 /* Settings.png */ = {isa = PBXFileReference; lastKnownFileType = image.png; path = Settings.png; sourceTree = "<group>"; };
		5E5B08461C2BA896000C7F12 /* Sun.png */ = {isa = PBXFileReference; lastKnownFileType = image.png; path = Sun.png; sourceTree = "<group>"; };
		5E5B08471C2BA896000C7F12 /* Sunny.png */ = {isa = PBXFileReference; lastKnownFileType = image.png; path = Sunny.png; sourceTree = "<group>"; };
		5E5B08481C2BA896000C7F12 /* Temp.png */ = {isa = PBXFileReference; lastKnownFileType = image.png; path = Temp.png; sourceTree = "<group>"; };
		5E5B08491C2BA896000C7F12 /* Weather Placeholder.png */ = {isa = PBXFileReference; lastKnownFileType = image.png; path = "Weather Placeholder.png"; sourceTree = "<group>"; };
		5E5B084A1C2BA896000C7F12 /* Wind Speed.png */ = {isa = PBXFileReference; lastKnownFileType = image.png; path = "Wind Speed.png"; sourceTree = "<group>"; };
		5E5B08621C2C8850000C7F12 /* PartlyCloudyNight.png */ = {isa = PBXFileReference; lastKnownFileType = image.png; path = PartlyCloudyNight.png; sourceTree = "<group>"; };
		5E5B08641C2C8A11000C7F12 /* SnowCloud.png */ = {isa = PBXFileReference; lastKnownFileType = image.png; path = SnowCloud.png; sourceTree = "<group>"; };
		5E5B08681C2C8CAC000C7F12 /* Wind.png */ = {isa = PBXFileReference; lastKnownFileType = image.png; path = Wind.png; sourceTree = "<group>"; };
		5E5B086A1C2C8D35000C7F12 /* Sleet.png */ = {isa = PBXFileReference; lastKnownFileType = image.png; path = Sleet.png; sourceTree = "<group>"; };
		5E5B086C1C2C8DD8000C7F12 /* Fog.png */ = {isa = PBXFileReference; lastKnownFileType = image.png; path = Fog.png; sourceTree = "<group>"; };
		5E5B086E1C2C8F24000C7F12 /* Moon.png */ = {isa = PBXFileReference; lastKnownFileType = image.png; path = Moon.png; sourceTree = "<group>"; };
		5E5B08701C2C938B000C7F12 /* forecastbadge.png */ = {isa = PBXFileReference; lastKnownFileType = image.png; path = forecastbadge.png; sourceTree = "<group>"; };
		5EBBE80A1C2B97AA00E67D2F /* Weather App.app */ = {isa = PBXFileReference; explicitFileType = wrapper.application; includeInIndex = 0; path = "Weather App.app"; sourceTree = BUILT_PRODUCTS_DIR; };
		5EBBE80D1C2B97AA00E67D2F /* AppDelegate.swift */ = {isa = PBXFileReference; lastKnownFileType = sourcecode.swift; path = AppDelegate.swift; sourceTree = "<group>"; };
		5EBBE80F1C2B97AA00E67D2F /* ViewController.swift */ = {isa = PBXFileReference; lastKnownFileType = sourcecode.swift; path = ViewController.swift; sourceTree = "<group>"; };
		5EBBE8121C2B97AA00E67D2F /* Base */ = {isa = PBXFileReference; lastKnownFileType = file.storyboard; name = Base; path = Base.lproj/Main.storyboard; sourceTree = "<group>"; };
		5EBBE8141C2B97AA00E67D2F /* Assets.xcassets */ = {isa = PBXFileReference; lastKnownFileType = folder.assetcatalog; path = Assets.xcassets; sourceTree = "<group>"; };
		5EBBE8171C2B97AA00E67D2F /* Base */ = {isa = PBXFileReference; lastKnownFileType = file.storyboard; name = Base; path = Base.lproj/LaunchScreen.storyboard; sourceTree = "<group>"; };
		5EBBE8191C2B97AA00E67D2F /* Info.plist */ = {isa = PBXFileReference; lastKnownFileType = text.plist.xml; path = Info.plist; sourceTree = "<group>"; };
		5EBBE81E1C2B97AA00E67D2F /* Weather AppTests.xctest */ = {isa = PBXFileReference; explicitFileType = wrapper.cfbundle; includeInIndex = 0; path = "Weather AppTests.xctest"; sourceTree = BUILT_PRODUCTS_DIR; };
		5EBBE8221C2B97AA00E67D2F /* Weather_AppTests.swift */ = {isa = PBXFileReference; lastKnownFileType = sourcecode.swift; path = Weather_AppTests.swift; sourceTree = "<group>"; };
		5EBBE8241C2B97AA00E67D2F /* Info.plist */ = {isa = PBXFileReference; lastKnownFileType = text.plist.xml; path = Info.plist; sourceTree = "<group>"; };
		5EBBE8291C2B97AA00E67D2F /* Weather AppUITests.xctest */ = {isa = PBXFileReference; explicitFileType = wrapper.cfbundle; includeInIndex = 0; path = "Weather AppUITests.xctest"; sourceTree = BUILT_PRODUCTS_DIR; };
		5EBBE82D1C2B97AA00E67D2F /* Weather_AppUITests.swift */ = {isa = PBXFileReference; lastKnownFileType = sourcecode.swift; path = Weather_AppUITests.swift; sourceTree = "<group>"; };
		5EBBE82F1C2B97AA00E67D2F /* Info.plist */ = {isa = PBXFileReference; lastKnownFileType = text.plist.xml; path = Info.plist; sourceTree = "<group>"; };
/* End PBXFileReference section */

/* Begin PBXFrameworksBuildPhase section */
		5EBBE8071C2B97AA00E67D2F /* Frameworks */ = {
			isa = PBXFrameworksBuildPhase;
			buildActionMask = 2147483647;
			files = (
			);
			runOnlyForDeploymentPostprocessing = 0;
		};
		5EBBE81B1C2B97AA00E67D2F /* Frameworks */ = {
			isa = PBXFrameworksBuildPhase;
			buildActionMask = 2147483647;
			files = (
			);
			runOnlyForDeploymentPostprocessing = 0;
		};
		5EBBE8261C2B97AA00E67D2F /* Frameworks */ = {
			isa = PBXFrameworksBuildPhase;
			buildActionMask = 2147483647;
			files = (
			);
			runOnlyForDeploymentPostprocessing = 0;
		};
/* End PBXFrameworksBuildPhase section */

/* Begin PBXGroup section */
		5EBBE8011C2B97AA00E67D2F = {
			isa = PBXGroup;
			children = (
				5EBBE80C1C2B97AA00E67D2F /* Weather App */,
				5EBBE8211C2B97AA00E67D2F /* Weather AppTests */,
				5EBBE82C1C2B97AA00E67D2F /* Weather AppUITests */,
				5EBBE80B1C2B97AA00E67D2F /* Products */,
			);
			sourceTree = "<group>";
		};
		5EBBE80B1C2B97AA00E67D2F /* Products */ = {
			isa = PBXGroup;
			children = (
				5EBBE80A1C2B97AA00E67D2F /* Weather App.app */,
				5EBBE81E1C2B97AA00E67D2F /* Weather AppTests.xctest */,
				5EBBE8291C2B97AA00E67D2F /* Weather AppUITests.xctest */,
			);
			name = Products;
			sourceTree = "<group>";
		};
		5EBBE80C1C2B97AA00E67D2F /* Weather App */ = {
			isa = PBXGroup;
			children = (
				5EBBE80D1C2B97AA00E67D2F /* AppDelegate.swift */,
				5EBBE80F1C2B97AA00E67D2F /* ViewController.swift */,
				5EBBE8111C2B97AA00E67D2F /* Main.storyboard */,
				5EBBE8141C2B97AA00E67D2F /* Assets.xcassets */,
				5EBBE8161C2B97AA00E67D2F /* LaunchScreen.storyboard */,
				5EBBE8191C2B97AA00E67D2F /* Info.plist */,
				5E5B083E1C2BA896000C7F12 /* All with Sun Placeholder.png */,
				5E5B083F1C2BA896000C7F12 /* BG.png */,
				5E5B08401C2BA896000C7F12 /* Cloud.png */,
				5E5B08411C2BA896000C7F12 /* Location.png */,
				5E5B08421C2BA896000C7F12 /* PartlyCloudy.png */,
				5E5B08621C2C8850000C7F12 /* PartlyCloudyNight.png */,
				5E5B08431C2BA896000C7F12 /* Rain Chance.png */,
				5E5B08441C2BA896000C7F12 /* RainCloud.png */,
				5E5B08641C2C8A11000C7F12 /* SnowCloud.png */,
				5E5B08451C2BA896000C7F12 /* Settings.png */,
				5E5B08461C2BA896000C7F12 /* Sun.png */,
				5E5B08471C2BA896000C7F12 /* Sunny.png */,
				5E5B08481C2BA896000C7F12 /* Temp.png */,
				5E5B08681C2C8CAC000C7F12 /* Wind.png */,
				5E5B08491C2BA896000C7F12 /* Weather Placeholder.png */,
				5E5B084A1C2BA896000C7F12 /* Wind Speed.png */,
				5E5B086A1C2C8D35000C7F12 /* Sleet.png */,
				5E5B086C1C2C8DD8000C7F12 /* Fog.png */,
				5E5B086E1C2C8F24000C7F12 /* Moon.png */,
				5E5B08701C2C938B000C7F12 /* forecastbadge.png */,
			);
			path = "Weather App";
			sourceTree = "<group>";
		};
		5EBBE8211C2B97AA00E67D2F /* Weather AppTests */ = {
			isa = PBXGroup;
			children = (
				5EBBE8221C2B97AA00E67D2F /* Weather_AppTests.swift */,
				5EBBE8241C2B97AA00E67D2F /* Info.plist */,
			);
			path = "Weather AppTests";
			sourceTree = "<group>";
		};
		5EBBE82C1C2B97AA00E67D2F /* Weather AppUITests */ = {
			isa = PBXGroup;
			children = (
				5EBBE82D1C2B97AA00E67D2F /* Weather_AppUITests.swift */,
				5EBBE82F1C2B97AA00E67D2F /* Info.plist */,
			);
			path = "Weather AppUITests";
			sourceTree = "<group>";
		};
/* End PBXGroup section */

/* Begin PBXNativeTarget section */
		5EBBE8091C2B97AA00E67D2F /* Weather App */ = {
			isa = PBXNativeTarget;
			buildConfigurationList = 5EBBE8321C2B97AA00E67D2F /* Build configuration list for PBXNativeTarget "Weather App" */;
			buildPhases = (
				5EBBE8061C2B97AA00E67D2F /* Sources */,
				5EBBE8071C2B97AA00E67D2F /* Frameworks */,
				5EBBE8081C2B97AA00E67D2F /* Resources */,
			);
			buildRules = (
			);
			dependencies = (
			);
			name = "Weather App";
			productName = "Weather App";
			productReference = 5EBBE80A1C2B97AA00E67D2F /* Weather App.app */;
			productType = "com.apple.product-type.application";
		};
		5EBBE81D1C2B97AA00E67D2F /* Weather AppTests */ = {
			isa = PBXNativeTarget;
			buildConfigurationList = 5EBBE8351C2B97AA00E67D2F /* Build configuration list for PBXNativeTarget "Weather AppTests" */;
			buildPhases = (
				5EBBE81A1C2B97AA00E67D2F /* Sources */,
				5EBBE81B1C2B97AA00E67D2F /* Frameworks */,
				5EBBE81C1C2B97AA00E67D2F /* Resources */,
			);
			buildRules = (
			);
			dependencies = (
				5EBBE8201C2B97AA00E67D2F /* PBXTargetDependency */,
			);
			name = "Weather AppTests";
			productName = "Weather AppTests";
			productReference = 5EBBE81E1C2B97AA00E67D2F /* Weather AppTests.xctest */;
			productType = "com.apple.product-type.bundle.unit-test";
		};
		5EBBE8281C2B97AA00E67D2F /* Weather AppUITests */ = {
			isa = PBXNativeTarget;
			buildConfigurationList = 5EBBE8381C2B97AA00E67D2F /* Build configuration list for PBXNativeTarget "Weather AppUITests" */;
			buildPhases = (
				5EBBE8251C2B97AA00E67D2F /* Sources */,
				5EBBE8261C2B97AA00E67D2F /* Frameworks */,
				5EBBE8271C2B97AA00E67D2F /* Resources */,
			);
			buildRules = (
			);
			dependencies = (
				5EBBE82B1C2B97AA00E67D2F /* PBXTargetDependency */,
			);
			name = "Weather AppUITests";
			productName = "Weather AppUITests";
			productReference = 5EBBE8291C2B97AA00E67D2F /* Weather AppUITests.xctest */;
			productType = "com.apple.product-type.bundle.ui-testing";
		};
/* End PBXNativeTarget section */

/* Begin PBXProject section */
		5EBBE8021C2B97AA00E67D2F /* Project object */ = {
			isa = PBXProject;
			attributes = {
				LastSwiftUpdateCheck = 0720;
				LastUpgradeCheck = 0720;
				ORGANIZATIONNAME = "Couch Potato Sudios";
				TargetAttributes = {
					5EBBE8091C2B97AA00E67D2F = {
						CreatedOnToolsVersion = 7.2;
						DevelopmentTeam = L8AY63NH7H;
					};
					5EBBE81D1C2B97AA00E67D2F = {
						CreatedOnToolsVersion = 7.2;
						TestTargetID = 5EBBE8091C2B97AA00E67D2F;
					};
					5EBBE8281C2B97AA00E67D2F = {
						CreatedOnToolsVersion = 7.2;
						TestTargetID = 5EBBE8091C2B97AA00E67D2F;
					};
				};
			};
			buildConfigurationList = 5EBBE8051C2B97AA00E67D2F /* Build configuration list for PBXProject "Weather App" */;
			compatibilityVersion = "Xcode 3.2";
			developmentRegion = English;
			hasScannedForEncodings = 0;
			knownRegions = (
				en,
				Base,
			);
			mainGroup = 5EBBE8011C2B97AA00E67D2F;
			productRefGroup = 5EBBE80B1C2B97AA00E67D2F /* Products */;
			projectDirPath = "";
			projectRoot = "";
			targets = (
				5EBBE8091C2B97AA00E67D2F /* Weather App */,
				5EBBE81D1C2B97AA00E67D2F /* Weather AppTests */,
				5EBBE8281C2B97AA00E67D2F /* Weather AppUITests */,
			);
		};
/* End PBXProject section */

/* Begin PBXResourcesBuildPhase section */
		5EBBE8081C2B97AA00E67D2F /* Resources */ = {
			isa = PBXResourcesBuildPhase;
			buildActionMask = 2147483647;
			files = (
				5E5B08711C2C938B000C7F12 /* forecastbadge.png in Resources */,
				5E5B08531C2BA896000C7F12 /* Sun.png in Resources */,
				5E5B084F1C2BA896000C7F12 /* PartlyCloudy.png in Resources */,
				5E5B08631C2C8850000C7F12 /* PartlyCloudyNight.png in Resources */,
				5E5B086B1C2C8D35000C7F12 /* Sleet.png in Resources */,
				5E5B084C1C2BA896000C7F12 /* BG.png in Resources */,
				5E5B08551C2BA896000C7F12 /* Temp.png in Resources */,
				5E5B08571C2BA896000C7F12 /* Wind Speed.png in Resources */,
				5E5B084D1C2BA896000C7F12 /* Cloud.png in Resources */,
				5E5B08651C2C8A11000C7F12 /* SnowCloud.png in Resources */,
				5EBBE8181C2B97AA00E67D2F /* LaunchScreen.storyboard in Resources */,
				5E5B08521C2BA896000C7F12 /* Settings.png in Resources */,
				5E5B084B1C2BA896000C7F12 /* All with Sun Placeholder.png in Resources */,
				5E5B08501C2BA896000C7F12 /* Rain Chance.png in Resources */,
				5E5B08511C2BA896000C7F12 /* RainCloud.png in Resources */,
				5E5B08541C2BA896000C7F12 /* Sunny.png in Resources */,
				5E5B086D1C2C8DD8000C7F12 /* Fog.png in Resources */,
				5E5B08561C2BA896000C7F12 /* Weather Placeholder.png in Resources */,
				5EBBE8151C2B97AA00E67D2F /* Assets.xcassets in Resources */,
				5E5B08691C2C8CAC000C7F12 /* Wind.png in Resources */,
				5E5B084E1C2BA896000C7F12 /* Location.png in Resources */,
				5E5B086F1C2C8F24000C7F12 /* Moon.png in Resources */,
				5EBBE8131C2B97AA00E67D2F /* Main.storyboard in Resources */,
			);
			runOnlyForDeploymentPostprocessing = 0;
		};
		5EBBE81C1C2B97AA00E67D2F /* Resources */ = {
			isa = PBXResourcesBuildPhase;
			buildActionMask = 2147483647;
			files = (
			);
			runOnlyForDeploymentPostprocessing = 0;
		};
		5EBBE8271C2B97AA00E67D2F /* Resources */ = {
			isa = PBXResourcesBuildPhase;
			buildActionMask = 2147483647;
			files = (
			);
			runOnlyForDeploymentPostprocessing = 0;
		};
/* End PBXResourcesBuildPhase section */

/* Begin PBXSourcesBuildPhase section */
		5EBBE8061C2B97AA00E67D2F /* Sources */ = {
			isa = PBXSourcesBuildPhase;
			buildActionMask = 2147483647;
			files = (
				5EBBE8101C2B97AA00E67D2F /* ViewController.swift in Sources */,
				5EBBE80E1C2B97AA00E67D2F /* AppDelegate.swift in Sources */,
			);
			runOnlyForDeploymentPostprocessing = 0;
		};
		5EBBE81A1C2B97AA00E67D2F /* Sources */ = {
			isa = PBXSourcesBuildPhase;
			buildActionMask = 2147483647;
			files = (
				5EBBE8231C2B97AA00E67D2F /* Weather_AppTests.swift in Sources */,
			);
			runOnlyForDeploymentPostprocessing = 0;
		};
		5EBBE8251C2B97AA00E67D2F /* Sources */ = {
			isa = PBXSourcesBuildPhase;
			buildActionMask = 2147483647;
			files = (
				5EBBE82E1C2B97AA00E67D2F /* Weather_AppUITests.swift in Sources */,
			);
			runOnlyForDeploymentPostprocessing = 0;
		};
/* End PBXSourcesBuildPhase section */

/* Begin PBXTargetDependency section */
		5EBBE8201C2B97AA00E67D2F /* PBXTargetDependency */ = {
			isa = PBXTargetDependency;
			target = 5EBBE8091C2B97AA00E67D2F /* Weather App */;
			targetProxy = 5EBBE81F1C2B97AA00E67D2F /* PBXContainerItemProxy */;
		};
		5EBBE82B1C2B97AA00E67D2F /* PBXTargetDependency */ = {
			isa = PBXTargetDependency;
			target = 5EBBE8091C2B97AA00E67D2F /* Weather App */;
			targetProxy = 5EBBE82A1C2B97AA00E67D2F /* PBXContainerItemProxy */;
		};
/* End PBXTargetDependency section */

/* Begin PBXVariantGroup section */
		5EBBE8111C2B97AA00E67D2F /* Main.storyboard */ = {
			isa = PBXVariantGroup;
			children = (
				5EBBE8121C2B97AA00E67D2F /* Base */,
			);
			name = Main.storyboard;
			sourceTree = "<group>";
		};
		5EBBE8161C2B97AA00E67D2F /* LaunchScreen.storyboard */ = {
			isa = PBXVariantGroup;
			children = (
				5EBBE8171C2B97AA00E67D2F /* Base */,
			);
			name = LaunchScreen.storyboard;
			sourceTree = "<group>";
		};
/* End PBXVariantGroup section */

/* Begin XCBuildConfiguration section */
		5EBBE8301C2B97AA00E67D2F /* Debug */ = {
			isa = XCBuildConfiguration;
			buildSettings = {
				ALWAYS_SEARCH_USER_PATHS = NO;
				CLANG_CXX_LANGUAGE_STANDARD = "gnu++0x";
				CLANG_CXX_LIBRARY = "libc++";
				CLANG_ENABLE_MODULES = YES;
				CLANG_ENABLE_OBJC_ARC = YES;
				CLANG_WARN_BOOL_CONVERSION = YES;
				CLANG_WARN_CONSTANT_CONVERSION = YES;
				CLANG_WARN_DIRECT_OBJC_ISA_USAGE = YES_ERROR;
				CLANG_WARN_EMPTY_BODY = YES;
				CLANG_WARN_ENUM_CONVERSION = YES;
				CLANG_WARN_INT_CONVERSION = YES;
				CLANG_WARN_OBJC_ROOT_CLASS = YES_ERROR;
				CLANG_WARN_UNREACHABLE_CODE = YES;
				CLANG_WARN__DUPLICATE_METHOD_MATCH = YES;
				"CODE_SIGN_IDENTITY[sdk=iphoneos*]" = "iPhone Developer";
				COPY_PHASE_STRIP = NO;
				DEBUG_INFORMATION_FORMAT = dwarf;
				ENABLE_STRICT_OBJC_MSGSEND = YES;
				ENABLE_TESTABILITY = YES;
				GCC_C_LANGUAGE_STANDARD = gnu99;
				GCC_DYNAMIC_NO_PIC = NO;
				GCC_NO_COMMON_BLOCKS = YES;
				GCC_OPTIMIZATION_LEVEL = 0;
				GCC_PREPROCESSOR_DEFINITIONS = (
					"DEBUG=1",
					"$(inherited)",
				);
				GCC_WARN_64_TO_32_BIT_CONVERSION = YES;
				GCC_WARN_ABOUT_RETURN_TYPE = YES_ERROR;
				GCC_WARN_UNDECLARED_SELECTOR = YES;
				GCC_WARN_UNINITIALIZED_AUTOS = YES_AGGRESSIVE;
				GCC_WARN_UNUSED_FUNCTION = YES;
				GCC_WARN_UNUSED_VARIABLE = YES;
				IPHONEOS_DEPLOYMENT_TARGET = 9.2;
				MTL_ENABLE_DEBUG_INFO = YES;
				ONLY_ACTIVE_ARCH = YES;
				SDKROOT = iphoneos;
				SWIFT_OPTIMIZATION_LEVEL = "-Onone";
				TARGETED_DEVICE_FAMILY = "1,2";
			};
			name = Debug;
		};
		5EBBE8311C2B97AA00E67D2F /* Release */ = {
			isa = XCBuildConfiguration;
			buildSettings = {
				ALWAYS_SEARCH_USER_PATHS = NO;
				CLANG_CXX_LANGUAGE_STANDARD = "gnu++0x";
				CLANG_CXX_LIBRARY = "libc++";
				CLANG_ENABLE_MODULES = YES;
				CLANG_ENABLE_OBJC_ARC = YES;
				CLANG_WARN_BOOL_CONVERSION = YES;
				CLANG_WARN_CONSTANT_CONVERSION = YES;
				CLANG_WARN_DIRECT_OBJC_ISA_USAGE = YES_ERROR;
				CLANG_WARN_EMPTY_BODY = YES;
				CLANG_WARN_ENUM_CONVERSION = YES;
				CLANG_WARN_INT_CONVERSION = YES;
				CLANG_WARN_OBJC_ROOT_CLASS = YES_ERROR;
				CLANG_WARN_UNREACHABLE_CODE = YES;
				CLANG_WARN__DUPLICATE_METHOD_MATCH = YES;
				"CODE_SIGN_IDENTITY[sdk=iphoneos*]" = "iPhone Developer";
				COPY_PHASE_STRIP = NO;
				DEBUG_INFORMATION_FORMAT = "dwarf-with-dsym";
				ENABLE_NS_ASSERTIONS = NO;
				ENABLE_STRICT_OBJC_MSGSEND = YES;
				GCC_C_LANGUAGE_STANDARD = gnu99;
				GCC_NO_COMMON_BLOCKS = YES;
				GCC_WARN_64_TO_32_BIT_CONVERSION = YES;
				GCC_WARN_ABOUT_RETURN_TYPE = YES_ERROR;
				GCC_WARN_UNDECLARED_SELECTOR = YES;
				GCC_WARN_UNINITIALIZED_AUTOS = YES_AGGRESSIVE;
				GCC_WARN_UNUSED_FUNCTION = YES;
				GCC_WARN_UNUSED_VARIABLE = YES;
				IPHONEOS_DEPLOYMENT_TARGET = 9.2;
				MTL_ENABLE_DEBUG_INFO = NO;
				SDKROOT = iphoneos;
				TARGETED_DEVICE_FAMILY = "1,2";
				VALIDATE_PRODUCT = YES;
			};
			name = Release;
		};
		5EBBE8331C2B97AA00E67D2F /* Debug */ = {
			isa = XCBuildConfiguration;
			buildSettings = {
				ASSETCATALOG_COMPILER_APPICON_NAME = AppIcon;
				CODE_SIGN_IDENTITY = "iPhone Developer";
				"CODE_SIGN_IDENTITY[sdk=iphoneos*]" = "iPhone Developer";
				INFOPLIST_FILE = "Weather App/Info.plist";
				LD_RUNPATH_SEARCH_PATHS = "$(inherited) @executable_path/Frameworks";
				PRODUCT_BUNDLE_IDENTIFIER = "com.couchpotatostudios.Weather-App";
				PRODUCT_NAME = "$(TARGET_NAME)";
				PROVISIONING_PROFILE = "";
			};
			name = Debug;
		};
		5EBBE8341C2B97AA00E67D2F /* Release */ = {
			isa = XCBuildConfiguration;
			buildSettings = {
				ASSETCATALOG_COMPILER_APPICON_NAME = AppIcon;
				CODE_SIGN_IDENTITY = "iPhone Developer";
				"CODE_SIGN_IDENTITY[sdk=iphoneos*]" = "iPhone Developer";
				INFOPLIST_FILE = "Weather App/Info.plist";
				LD_RUNPATH_SEARCH_PATHS = "$(inherited) @executable_path/Frameworks";
				PRODUCT_BUNDLE_IDENTIFIER = "com.couchpotatostudios.Weather-App";
				PRODUCT_NAME = "$(TARGET_NAME)";
				PROVISIONING_PROFILE = "";
			};
			name = Release;
		};
		5EBBE8361C2B97AA00E67D2F /* Debug */ = {
			isa = XCBuildConfiguration;
			buildSettings = {
				BUNDLE_LOADER = "$(TEST_HOST)";
				INFOPLIST_FILE = "Weather AppTests/Info.plist";
				LD_RUNPATH_SEARCH_PATHS = "$(inherited) @executable_path/Frameworks @loader_path/Frameworks";
				PRODUCT_BUNDLE_IDENTIFIER = "com.couchpotatostudios.Weather-AppTests";
				PRODUCT_NAME = "$(TARGET_NAME)";
				TEST_HOST = "$(BUILT_PRODUCTS_DIR)/Weather App.app/Weather App";
			};
			name = Debug;
		};
		5EBBE8371C2B97AA00E67D2F /* Release */ = {
			isa = XCBuildConfiguration;
			buildSettings = {
				BUNDLE_LOADER = "$(TEST_HOST)";
				INFOPLIST_FILE = "Weather AppTests/Info.plist";
				LD_RUNPATH_SEARCH_PATHS = "$(inherited) @executable_path/Frameworks @loader_path/Frameworks";
				PRODUCT_BUNDLE_IDENTIFIER = "com.couchpotatostudios.Weather-AppTests";
				PRODUCT_NAME = "$(TARGET_NAME)";
				TEST_HOST = "$(BUILT_PRODUCTS_DIR)/Weather App.app/Weather App";
			};
			name = Release;
		};
		5EBBE8391C2B97AA00E67D2F /* Debug */ = {
			isa = XCBuildConfiguration;
			buildSettings = {
				INFOPLIST_FILE = "Weather AppUITests/Info.plist";
				LD_RUNPATH_SEARCH_PATHS = "$(inherited) @executable_path/Frameworks @loader_path/Frameworks";
				PRODUCT_BUNDLE_IDENTIFIER = "com.couchpotatostudios.Weather-AppUITests";
				PRODUCT_NAME = "$(TARGET_NAME)";
				TEST_TARGET_NAME = "Weather App";
				USES_XCTRUNNER = YES;
			};
			name = Debug;
		};
		5EBBE83A1C2B97AA00E67D2F /* Release */ = {
			isa = XCBuildConfiguration;
			buildSettings = {
				INFOPLIST_FILE = "Weather AppUITests/Info.plist";
				LD_RUNPATH_SEARCH_PATHS = "$(inherited) @executable_path/Frameworks @loader_path/Frameworks";
				PRODUCT_BUNDLE_IDENTIFIER = "com.couchpotatostudios.Weather-AppUITests";
				PRODUCT_NAME = "$(TARGET_NAME)";
				TEST_TARGET_NAME = "Weather App";
				USES_XCTRUNNER = YES;
			};
			name = Release;
		};
/* End XCBuildConfiguration section */

/* Begin XCConfigurationList section */
		5EBBE8051C2B97AA00E67D2F /* Build configuration list for PBXProject "Weather App" */ = {
			isa = XCConfigurationList;
			buildConfigurations = (
				5EBBE8301C2B97AA00E67D2F /* Debug */,
				5EBBE8311C2B97AA00E67D2F /* Release */,
			);
			defaultConfigurationIsVisible = 0;
			defaultConfigurationName = Release;
		};
		5EBBE8321C2B97AA00E67D2F /* Build configuration list for PBXNativeTarget "Weather App" */ = {
			isa = XCConfigurationList;
			buildConfigurations = (
				5EBBE8331C2B97AA00E67D2F /* Debug */,
				5EBBE8341C2B97AA00E67D2F /* Release */,
			);
			defaultConfigurationIsVisible = 0;
			defaultConfigurationName = Release;
		};
		5EBBE8351C2B97AA00E67D2F /* Build configuration list for PBXNativeTarget "Weather AppTests" */ = {
			isa = XCConfigurationList;
			buildConfigurations = (
				5EBBE8361C2B97AA00E67D2F /* Debug */,
				5EBBE8371C2B97AA00E67D2F /* Release */,
			);
			defaultConfigurationIsVisible = 0;
			defaultConfigurationName = Release;
		};
		5EBBE8381C2B97AA00E67D2F /* Build configuration list for PBXNativeTarget "Weather AppUITests" */ = {
			isa = XCConfigurationList;
			buildConfigurations = (
				5EBBE8391C2B97AA00E67D2F /* Debug */,
				5EBBE83A1C2B97AA00E67D2F /* Release */,
			);
			defaultConfigurationIsVisible = 0;
			defaultConfigurationName = Release;
		};
/* End XCConfigurationList section */
	};
	rootObject = 5EBBE8021C2B97AA00E67D2F /* Project object */;
}
